
Microsoft Visual Studio Solution File, Format Version 12.00
# Visual Studio Version 17
VisualStudioVersion = 17.4.33205.214
MinimumVisualStudioVersion = 10.0.40219.1
Project("{FAE04EC0-301F-11D3-BF4B-00C04F79EFBC}") = "Teste02", "Teste02\Teste02.csproj", "{1E33BE9C-E09B-4FE8-B84C-1BBD5E6B4A67}"
EndProject
Global
	GlobalSection(SolutionConfigurationPlatforms) = preSolution
		Debug|Any CPU = Debug|Any CPU
		Release|Any CPU = Release|Any CPU
	EndGlobalSection
	GlobalSection(ProjectConfigurationPlatforms) = postSolution
		{1E33BE9C-E09B-4FE8-B84C-1BBD5E6B4A67}.Debug|Any CPU.ActiveCfg = Debug|Any CPU
		{1E33BE9C-E09B-4FE8-B84C-1BBD5E6B4A67}.Debug|Any CPU.Build.0 = Debug|Any CPU
		{1E33BE9C-E09B-4FE8-B84C-1BBD5E6B4A67}.Release|Any CPU.ActiveCfg = Release|Any CPU
		{1E33BE9C-E09B-4FE8-B84C-1BBD5E6B4A67}.Release|Any CPU.Build.0 = Release|Any CPU
	EndGlobalSection
	GlobalSection(SolutionProperties) = preSolution
		HideSolutionNode = FALSE
	EndGlobalSection
	GlobalSection(ExtensibilityGlobals) = postSolution
		SolutionGuid = {FAECBC08-7A00-4410-8EE1-AA913ABE7E9F}
	EndGlobalSection
EndGlobal
